
Microsoft Visual Studio Solution File, Format Version 12.00
# Visual Studio Version 17
VisualStudioVersion = 17.0.31903.59
MinimumVisualStudioVersion = 10.0.40219.1
Project("{2150E333-8FDC-42A3-9474-1A3956D46DE8}") = "src", "src", "{E2730C99-795D-41AF-A859-B26A8D9649D8}"
EndProject
Project("{2150E333-8FDC-42A3-9474-1A3956D46DE8}") = "Services", "Services", "{A4AFFD13-DF01-4AFF-B376-7CB95E525748}"
EndProject
Project("{FAE04EC0-301F-11D3-BF4B-00C04F79EFBC}") = "Services.Common", "src\Services\Services.Common\Services.Common.csproj", "{564816B6-14F4-4188-9FDE-0EE49DBB946F}"
EndProject
Project("{FAE04EC0-301F-11D3-BF4B-00C04F79EFBC}") = "Shared.Kernel", "src\Services\Shared.Kernel\Shared.Kernel.csproj", "{4B9BE50F-FC5A-4682-BE37-FE1E4FE4C956}"
EndProject
Project("{2150E333-8FDC-42A3-9474-1A3956D46DE8}") = "PersonData", "PersonData", "{4B2D2B9B-A84D-434F-8B3B-A1C4362B8E46}"
EndProject
Project("{FAE04EC0-301F-11D3-BF4B-00C04F79EFBC}") = "PersonData.API", "src\Services\PersonData\PersonData.API\PersonData.API.csproj", "{5E407272-AE0E-4725-8029-C1A9C548D6D8}"
EndProject
Project("{FAE04EC0-301F-11D3-BF4B-00C04F79EFBC}") = "PersonData.UnitTests", "src\Services\PersonData\PersonData.UnitTests\PersonData.UnitTests.csproj", "{EC42ECCF-8ADD-4CF9-87A7-842F5D1007ED}"
EndProject
Project("{FAE04EC0-301F-11D3-BF4B-00C04F79EFBC}") = "PersonData.IntegrationTests", "src\Services\PersonData\PersonData.IntegrationTests\PersonData.IntegrationTests.csproj", "{7CFF5826-2BD0-485D-BBBE-344D99A479C1}"
EndProject
Project("{2150E333-8FDC-42A3-9474-1A3956D46DE8}") = "ApiGateways", "ApiGateways", "{9DAE3B4C-AC80-4821-95A0-FDCACCABB8F4}"
EndProject
Project("{2150E333-8FDC-42A3-9474-1A3956D46DE8}") = "Web", "Web", "{D05A65E2-4BCB-4FC8-9AF7-4F162D8BCFF3}"
EndProject
Project("{FAE04EC0-301F-11D3-BF4B-00C04F79EFBC}") = "Web.Bff", "src\ApiGateways\Web\Web.Bff\Web.Bff.csproj", "{FAFE9669-F7B8-4498-B1F5-F0D53BBC134B}"
EndProject
Project("{FAE04EC0-301F-11D3-BF4B-00C04F79EFBC}") = "Awc.AppHost", "src\Awc.AppHost\Awc.AppHost.csproj", "{776EE4A5-537A-46B5-8BEE-C2DBFF8B86AF}"
EndProject
Project("{FAE04EC0-301F-11D3-BF4B-00C04F79EFBC}") = "Awc.ServiceDefaults", "src\Awc.ServiceDefaults\Awc.ServiceDefaults.csproj", "{9C36432E-0FC3-4E8D-B000-6DE0916375D8}"
EndProject
Project("{FAE04EC0-301F-11D3-BF4B-00C04F79EFBC}") = "EventBus", "src\Services\EventBus\EventBus.csproj", "{25F4BC42-0DCF-4204-9AD2-438B958A717E}"
EndProject
Project("{FAE04EC0-301F-11D3-BF4B-00C04F79EFBC}") = "EventBusRabbitMQ", "src\Services\EventBusRabbitMQ\EventBusRabbitMQ.csproj", "{4543B046-E008-418A-8510-BBFB7065DD87}"
EndProject
Project("{FAE04EC0-301F-11D3-BF4B-00C04F79EFBC}") = "IntegrationEventLogEF", "src\Services\IntegrationEventLogEF\IntegrationEventLogEF.csproj", "{F8C5D4A0-B562-4817-B489-597C7BE26D85}"
EndProject
Project("{2150E333-8FDC-42A3-9474-1A3956D46DE8}") = "CompanyData", "CompanyData", "{D0A10E9D-A957-48B6-859F-711C2FEAD268}"
EndProject
Project("{FAE04EC0-301F-11D3-BF4B-00C04F79EFBC}") = "Company.API", "src\Services\CompanyData\Company.API\Company.API.csproj", "{61FF155E-20B2-40D8-8C26-188527ED5417}"
EndProject
Global
	GlobalSection(SolutionConfigurationPlatforms) = preSolution
		Debug|Any CPU = Debug|Any CPU
		Release|Any CPU = Release|Any CPU
	EndGlobalSection
	GlobalSection(ProjectConfigurationPlatforms) = postSolution
		{564816B6-14F4-4188-9FDE-0EE49DBB946F}.Debug|Any CPU.ActiveCfg = Debug|Any CPU
		{564816B6-14F4-4188-9FDE-0EE49DBB946F}.Debug|Any CPU.Build.0 = Debug|Any CPU
		{564816B6-14F4-4188-9FDE-0EE49DBB946F}.Release|Any CPU.ActiveCfg = Release|Any CPU
		{564816B6-14F4-4188-9FDE-0EE49DBB946F}.Release|Any CPU.Build.0 = Release|Any CPU
		{4B9BE50F-FC5A-4682-BE37-FE1E4FE4C956}.Debug|Any CPU.ActiveCfg = Debug|Any CPU
		{4B9BE50F-FC5A-4682-BE37-FE1E4FE4C956}.Debug|Any CPU.Build.0 = Debug|Any CPU
		{4B9BE50F-FC5A-4682-BE37-FE1E4FE4C956}.Release|Any CPU.ActiveCfg = Release|Any CPU
		{4B9BE50F-FC5A-4682-BE37-FE1E4FE4C956}.Release|Any CPU.Build.0 = Release|Any CPU
		{5E407272-AE0E-4725-8029-C1A9C548D6D8}.Debug|Any CPU.ActiveCfg = Debug|Any CPU
		{5E407272-AE0E-4725-8029-C1A9C548D6D8}.Debug|Any CPU.Build.0 = Debug|Any CPU
		{5E407272-AE0E-4725-8029-C1A9C548D6D8}.Release|Any CPU.ActiveCfg = Release|Any CPU
		{5E407272-AE0E-4725-8029-C1A9C548D6D8}.Release|Any CPU.Build.0 = Release|Any CPU
		{EC42ECCF-8ADD-4CF9-87A7-842F5D1007ED}.Debug|Any CPU.ActiveCfg = Debug|Any CPU
		{EC42ECCF-8ADD-4CF9-87A7-842F5D1007ED}.Debug|Any CPU.Build.0 = Debug|Any CPU
		{EC42ECCF-8ADD-4CF9-87A7-842F5D1007ED}.Release|Any CPU.ActiveCfg = Release|Any CPU
		{EC42ECCF-8ADD-4CF9-87A7-842F5D1007ED}.Release|Any CPU.Build.0 = Release|Any CPU
		{7CFF5826-2BD0-485D-BBBE-344D99A479C1}.Debug|Any CPU.ActiveCfg = Debug|Any CPU
		{7CFF5826-2BD0-485D-BBBE-344D99A479C1}.Debug|Any CPU.Build.0 = Debug|Any CPU
		{7CFF5826-2BD0-485D-BBBE-344D99A479C1}.Release|Any CPU.ActiveCfg = Release|Any CPU
		{7CFF5826-2BD0-485D-BBBE-344D99A479C1}.Release|Any CPU.Build.0 = Release|Any CPU
		{FAFE9669-F7B8-4498-B1F5-F0D53BBC134B}.Debug|Any CPU.ActiveCfg = Debug|Any CPU
		{FAFE9669-F7B8-4498-B1F5-F0D53BBC134B}.Debug|Any CPU.Build.0 = Debug|Any CPU
		{FAFE9669-F7B8-4498-B1F5-F0D53BBC134B}.Release|Any CPU.ActiveCfg = Release|Any CPU
		{FAFE9669-F7B8-4498-B1F5-F0D53BBC134B}.Release|Any CPU.Build.0 = Release|Any CPU
		{776EE4A5-537A-46B5-8BEE-C2DBFF8B86AF}.Debug|Any CPU.ActiveCfg = Debug|Any CPU
		{776EE4A5-537A-46B5-8BEE-C2DBFF8B86AF}.Debug|Any CPU.Build.0 = Debug|Any CPU
		{776EE4A5-537A-46B5-8BEE-C2DBFF8B86AF}.Release|Any CPU.ActiveCfg = Release|Any CPU
		{776EE4A5-537A-46B5-8BEE-C2DBFF8B86AF}.Release|Any CPU.Build.0 = Release|Any CPU
		{9C36432E-0FC3-4E8D-B000-6DE0916375D8}.Debug|Any CPU.ActiveCfg = Debug|Any CPU
		{9C36432E-0FC3-4E8D-B000-6DE0916375D8}.Debug|Any CPU.Build.0 = Debug|Any CPU
		{9C36432E-0FC3-4E8D-B000-6DE0916375D8}.Release|Any CPU.ActiveCfg = Release|Any CPU
		{9C36432E-0FC3-4E8D-B000-6DE0916375D8}.Release|Any CPU.Build.0 = Release|Any CPU
		{25F4BC42-0DCF-4204-9AD2-438B958A717E}.Debug|Any CPU.ActiveCfg = Debug|Any CPU
		{25F4BC42-0DCF-4204-9AD2-438B958A717E}.Debug|Any CPU.Build.0 = Debug|Any CPU
		{25F4BC42-0DCF-4204-9AD2-438B958A717E}.Release|Any CPU.ActiveCfg = Release|Any CPU
		{25F4BC42-0DCF-4204-9AD2-438B958A717E}.Release|Any CPU.Build.0 = Release|Any CPU
		{4543B046-E008-418A-8510-BBFB7065DD87}.Debug|Any CPU.ActiveCfg = Debug|Any CPU
		{4543B046-E008-418A-8510-BBFB7065DD87}.Debug|Any CPU.Build.0 = Debug|Any CPU
		{4543B046-E008-418A-8510-BBFB7065DD87}.Release|Any CPU.ActiveCfg = Release|Any CPU
		{4543B046-E008-418A-8510-BBFB7065DD87}.Release|Any CPU.Build.0 = Release|Any CPU
		{F8C5D4A0-B562-4817-B489-597C7BE26D85}.Debug|Any CPU.ActiveCfg = Debug|Any CPU
		{F8C5D4A0-B562-4817-B489-597C7BE26D85}.Debug|Any CPU.Build.0 = Debug|Any CPU
		{F8C5D4A0-B562-4817-B489-597C7BE26D85}.Release|Any CPU.ActiveCfg = Release|Any CPU
		{F8C5D4A0-B562-4817-B489-597C7BE26D85}.Release|Any CPU.Build.0 = Release|Any CPU
		{61FF155E-20B2-40D8-8C26-188527ED5417}.Debug|Any CPU.ActiveCfg = Debug|Any CPU
		{61FF155E-20B2-40D8-8C26-188527ED5417}.Debug|Any CPU.Build.0 = Debug|Any CPU
		{61FF155E-20B2-40D8-8C26-188527ED5417}.Release|Any CPU.ActiveCfg = Release|Any CPU
		{61FF155E-20B2-40D8-8C26-188527ED5417}.Release|Any CPU.Build.0 = Release|Any CPU
	EndGlobalSection
	GlobalSection(SolutionProperties) = preSolution
		HideSolutionNode = FALSE
	EndGlobalSection
	GlobalSection(NestedProjects) = preSolution
		{A4AFFD13-DF01-4AFF-B376-7CB95E525748} = {E2730C99-795D-41AF-A859-B26A8D9649D8}
		{564816B6-14F4-4188-9FDE-0EE49DBB946F} = {A4AFFD13-DF01-4AFF-B376-7CB95E525748}
		{4B9BE50F-FC5A-4682-BE37-FE1E4FE4C956} = {A4AFFD13-DF01-4AFF-B376-7CB95E525748}
		{4B2D2B9B-A84D-434F-8B3B-A1C4362B8E46} = {A4AFFD13-DF01-4AFF-B376-7CB95E525748}
		{5E407272-AE0E-4725-8029-C1A9C548D6D8} = {4B2D2B9B-A84D-434F-8B3B-A1C4362B8E46}
		{EC42ECCF-8ADD-4CF9-87A7-842F5D1007ED} = {4B2D2B9B-A84D-434F-8B3B-A1C4362B8E46}
		{7CFF5826-2BD0-485D-BBBE-344D99A479C1} = {4B2D2B9B-A84D-434F-8B3B-A1C4362B8E46}
		{9DAE3B4C-AC80-4821-95A0-FDCACCABB8F4} = {E2730C99-795D-41AF-A859-B26A8D9649D8}
		{D05A65E2-4BCB-4FC8-9AF7-4F162D8BCFF3} = {9DAE3B4C-AC80-4821-95A0-FDCACCABB8F4}
		{FAFE9669-F7B8-4498-B1F5-F0D53BBC134B} = {D05A65E2-4BCB-4FC8-9AF7-4F162D8BCFF3}
		{776EE4A5-537A-46B5-8BEE-C2DBFF8B86AF} = {E2730C99-795D-41AF-A859-B26A8D9649D8}
		{9C36432E-0FC3-4E8D-B000-6DE0916375D8} = {E2730C99-795D-41AF-A859-B26A8D9649D8}
		{25F4BC42-0DCF-4204-9AD2-438B958A717E} = {A4AFFD13-DF01-4AFF-B376-7CB95E525748}
		{4543B046-E008-418A-8510-BBFB7065DD87} = {A4AFFD13-DF01-4AFF-B376-7CB95E525748}
		{F8C5D4A0-B562-4817-B489-597C7BE26D85} = {A4AFFD13-DF01-4AFF-B376-7CB95E525748}
		{D0A10E9D-A957-48B6-859F-711C2FEAD268} = {A4AFFD13-DF01-4AFF-B376-7CB95E525748}
		{61FF155E-20B2-40D8-8C26-188527ED5417} = {D0A10E9D-A957-48B6-859F-711C2FEAD268}
	EndGlobalSection
EndGlobal
